
Microsoft Visual Studio Solution File, Format Version 12.00
# Visual Studio Version 17
VisualStudioVersion = 17.7.34202.233
MinimumVisualStudioVersion = 10.0.40219.1
Project("{FAE04EC0-301F-11D3-BF4B-00C04F79EFBC}") = "MVCApp", "MVCApp\MVCApp.csproj", "{C1B5F6CE-C55F-46C8-86D3-C17D6D34A8BA}"
EndProject
Global
	GlobalSection(SolutionConfigurationPlatforms) = preSolution
		Debug|Any CPU = Debug|Any CPU
		Release|Any CPU = Release|Any CPU
	EndGlobalSection
	GlobalSection(ProjectConfigurationPlatforms) = postSolution
		{C1B5F6CE-C55F-46C8-86D3-C17D6D34A8BA}.Debug|Any CPU.ActiveCfg = Debug|Any CPU
		{C1B5F6CE-C55F-46C8-86D3-C17D6D34A8BA}.Debug|Any CPU.Build.0 = Debug|Any CPU
		{C1B5F6CE-C55F-46C8-86D3-C17D6D34A8BA}.Release|Any CPU.ActiveCfg = Release|Any CPU
		{C1B5F6CE-C55F-46C8-86D3-C17D6D34A8BA}.Release|Any CPU.Build.0 = Release|Any CPU
	EndGlobalSection
	GlobalSection(SolutionProperties) = preSolution
		HideSolutionNode = FALSE
	EndGlobalSection
	GlobalSection(ExtensibilityGlobals) = postSolution
		SolutionGuid = {52050023-C315-4639-8C27-09B6F52A895C}
	EndGlobalSection
EndGlobal
